
Microsoft Visual Studio Solution File, Format Version 12.00
# Visual Studio Version 16
VisualStudioVersion = 16.0.28803.352
MinimumVisualStudioVersion = 10.0.40219.1
Project("{FAE04EC0-301F-11D3-BF4B-00C04F79EFBC}") = "Lesson21_Homework_Task1", "Lesson21_Homework_Task1\Lesson21_Homework_Task1.csproj", "{523E3BC6-8E62-422E-A2D3-43462BA42CF4}"
EndProject
Global
	GlobalSection(SolutionConfigurationPlatforms) = preSolution
		Debug|Any CPU = Debug|Any CPU
		Release|Any CPU = Release|Any CPU
	EndGlobalSection
	GlobalSection(ProjectConfigurationPlatforms) = postSolution
		{523E3BC6-8E62-422E-A2D3-43462BA42CF4}.Debug|Any CPU.ActiveCfg = Debug|Any CPU
		{523E3BC6-8E62-422E-A2D3-43462BA42CF4}.Debug|Any CPU.Build.0 = Debug|Any CPU
		{523E3BC6-8E62-422E-A2D3-43462BA42CF4}.Release|Any CPU.ActiveCfg = Release|Any CPU
		{523E3BC6-8E62-422E-A2D3-43462BA42CF4}.Release|Any CPU.Build.0 = Release|Any CPU
	EndGlobalSection
	GlobalSection(SolutionProperties) = preSolution
		HideSolutionNode = FALSE
	EndGlobalSection
	GlobalSection(ExtensibilityGlobals) = postSolution
		SolutionGuid = {FA0CAD66-F597-49A8-BDC6-E0D4B78FBE6F}
	EndGlobalSection
EndGlobal
